
Microsoft Visual Studio Solution File, Format Version 12.00
# Visual Studio Version 17
VisualStudioVersion = 17.5.33530.505
MinimumVisualStudioVersion = 10.0.40219.1
Project("{FAE04EC0-301F-11D3-BF4B-00C04F79EFBC}") = "ProductLinq", "ProductLinq\ProductLinq.csproj", "{952D3C85-F767-4716-8C60-383582008481}"
EndProject
Global
	GlobalSection(SolutionConfigurationPlatforms) = preSolution
		Debug|Any CPU = Debug|Any CPU
		Release|Any CPU = Release|Any CPU
	EndGlobalSection
	GlobalSection(ProjectConfigurationPlatforms) = postSolution
		{952D3C85-F767-4716-8C60-383582008481}.Debug|Any CPU.ActiveCfg = Debug|Any CPU
		{952D3C85-F767-4716-8C60-383582008481}.Debug|Any CPU.Build.0 = Debug|Any CPU
		{952D3C85-F767-4716-8C60-383582008481}.Release|Any CPU.ActiveCfg = Release|Any CPU
		{952D3C85-F767-4716-8C60-383582008481}.Release|Any CPU.Build.0 = Release|Any CPU
	EndGlobalSection
	GlobalSection(SolutionProperties) = preSolution
		HideSolutionNode = FALSE
	EndGlobalSection
	GlobalSection(ExtensibilityGlobals) = postSolution
		SolutionGuid = {6FCB567D-6690-4C4F-A35D-61A99FCE1BAE}
	EndGlobalSection
EndGlobal
